
Microsoft Visual Studio Solution File, Format Version 12.00
# Visual Studio 14
VisualStudioVersion = 14.0.25420.1
MinimumVisualStudioVersion = 10.0.40219.1
Project("{FAE04EC0-301F-11D3-BF4B-00C04F79EFBC}") = "Charity Marathon", "Exam Prep II\Charity Marathon.csproj", "{DDE6D514-4A0D-4898-AFB0-B446DE6C0112}"
EndProject
Project("{FAE04EC0-301F-11D3-BF4B-00C04F79EFBC}") = "Ladybugs", "Ladybugs\Ladybugs.csproj", "{96270055-5DEE-4540-8D7E-ABE572AE0AA4}"
EndProject
Project("{FAE04EC0-301F-11D3-BF4B-00C04F79EFBC}") = "Nether Realms", "Nether Realms\Nether Realms.csproj", "{A5D6EC69-B2CB-4062-BAE5-B64F77A3DB05}"
EndProject
Project("{FAE04EC0-301F-11D3-BF4B-00C04F79EFBC}") = "Roli The Coder", "Roli The Coder\Roli The Coder.csproj", "{D68386A0-9ED5-4D73-B0BF-7943B2356584}"
EndProject
Global
	GlobalSection(SolutionConfigurationPlatforms) = preSolution
		Debug|Any CPU = Debug|Any CPU
		Release|Any CPU = Release|Any CPU
	EndGlobalSection
	GlobalSection(ProjectConfigurationPlatforms) = postSolution
		{DDE6D514-4A0D-4898-AFB0-B446DE6C0112}.Debug|Any CPU.ActiveCfg = Debug|Any CPU
		{DDE6D514-4A0D-4898-AFB0-B446DE6C0112}.Debug|Any CPU.Build.0 = Debug|Any CPU
		{DDE6D514-4A0D-4898-AFB0-B446DE6C0112}.Release|Any CPU.ActiveCfg = Release|Any CPU
		{DDE6D514-4A0D-4898-AFB0-B446DE6C0112}.Release|Any CPU.Build.0 = Release|Any CPU
		{96270055-5DEE-4540-8D7E-ABE572AE0AA4}.Debug|Any CPU.ActiveCfg = Debug|Any CPU
		{96270055-5DEE-4540-8D7E-ABE572AE0AA4}.Debug|Any CPU.Build.0 = Debug|Any CPU
		{96270055-5DEE-4540-8D7E-ABE572AE0AA4}.Release|Any CPU.ActiveCfg = Release|Any CPU
		{96270055-5DEE-4540-8D7E-ABE572AE0AA4}.Release|Any CPU.Build.0 = Release|Any CPU
		{A5D6EC69-B2CB-4062-BAE5-B64F77A3DB05}.Debug|Any CPU.ActiveCfg = Debug|Any CPU
		{A5D6EC69-B2CB-4062-BAE5-B64F77A3DB05}.Debug|Any CPU.Build.0 = Debug|Any CPU
		{A5D6EC69-B2CB-4062-BAE5-B64F77A3DB05}.Release|Any CPU.ActiveCfg = Release|Any CPU
		{A5D6EC69-B2CB-4062-BAE5-B64F77A3DB05}.Release|Any CPU.Build.0 = Release|Any CPU
		{D68386A0-9ED5-4D73-B0BF-7943B2356584}.Debug|Any CPU.ActiveCfg = Debug|Any CPU
		{D68386A0-9ED5-4D73-B0BF-7943B2356584}.Debug|Any CPU.Build.0 = Debug|Any CPU
		{D68386A0-9ED5-4D73-B0BF-7943B2356584}.Release|Any CPU.ActiveCfg = Release|Any CPU
		{D68386A0-9ED5-4D73-B0BF-7943B2356584}.Release|Any CPU.Build.0 = Release|Any CPU
	EndGlobalSection
	GlobalSection(SolutionProperties) = preSolution
		HideSolutionNode = FALSE
	EndGlobalSection
EndGlobal
