
Microsoft Visual Studio Solution File, Format Version 12.00
# Visual Studio 14
VisualStudioVersion = 14.0.25420.1
MinimumVisualStudioVersion = 10.0.40219.1
Project("{FAE04EC0-301F-11D3-BF4B-00C04F79EFBC}") = "Sweet Dessert", "ConsoleApplication1\Sweet Dessert.csproj", "{D128E47B-3A9D-4ABB-A4DF-9723F0B38A55}"
EndProject
Project("{FAE04EC0-301F-11D3-BF4B-00C04F79EFBC}") = "Array Manipulator", "Array Manipulator\Array Manipulator.csproj", "{47F7F261-87E3-4A1A-A4A9-6FB29448D233}"
EndProject
Project("{FAE04EC0-301F-11D3-BF4B-00C04F79EFBC}") = "Football League", "Football League\Football League.csproj", "{493193F0-A9AB-41FA-9F3F-9CC466434F95}"
EndProject
Project("{FAE04EC0-301F-11D3-BF4B-00C04F79EFBC}") = "Cubic Messages", "Cubic Messages\Cubic Messages.csproj", "{63658EBB-E744-426C-BE36-1C310FD85E57}"
EndProject
Global
	GlobalSection(SolutionConfigurationPlatforms) = preSolution
		Debug|Any CPU = Debug|Any CPU
		Release|Any CPU = Release|Any CPU
	EndGlobalSection
	GlobalSection(ProjectConfigurationPlatforms) = postSolution
		{D128E47B-3A9D-4ABB-A4DF-9723F0B38A55}.Debug|Any CPU.ActiveCfg = Debug|Any CPU
		{D128E47B-3A9D-4ABB-A4DF-9723F0B38A55}.Debug|Any CPU.Build.0 = Debug|Any CPU
		{D128E47B-3A9D-4ABB-A4DF-9723F0B38A55}.Release|Any CPU.ActiveCfg = Release|Any CPU
		{D128E47B-3A9D-4ABB-A4DF-9723F0B38A55}.Release|Any CPU.Build.0 = Release|Any CPU
		{47F7F261-87E3-4A1A-A4A9-6FB29448D233}.Debug|Any CPU.ActiveCfg = Debug|Any CPU
		{47F7F261-87E3-4A1A-A4A9-6FB29448D233}.Debug|Any CPU.Build.0 = Debug|Any CPU
		{47F7F261-87E3-4A1A-A4A9-6FB29448D233}.Release|Any CPU.ActiveCfg = Release|Any CPU
		{47F7F261-87E3-4A1A-A4A9-6FB29448D233}.Release|Any CPU.Build.0 = Release|Any CPU
		{493193F0-A9AB-41FA-9F3F-9CC466434F95}.Debug|Any CPU.ActiveCfg = Debug|Any CPU
		{493193F0-A9AB-41FA-9F3F-9CC466434F95}.Debug|Any CPU.Build.0 = Debug|Any CPU
		{493193F0-A9AB-41FA-9F3F-9CC466434F95}.Release|Any CPU.ActiveCfg = Release|Any CPU
		{493193F0-A9AB-41FA-9F3F-9CC466434F95}.Release|Any CPU.Build.0 = Release|Any CPU
		{63658EBB-E744-426C-BE36-1C310FD85E57}.Debug|Any CPU.ActiveCfg = Debug|Any CPU
		{63658EBB-E744-426C-BE36-1C310FD85E57}.Debug|Any CPU.Build.0 = Debug|Any CPU
		{63658EBB-E744-426C-BE36-1C310FD85E57}.Release|Any CPU.ActiveCfg = Release|Any CPU
		{63658EBB-E744-426C-BE36-1C310FD85E57}.Release|Any CPU.Build.0 = Release|Any CPU
	EndGlobalSection
	GlobalSection(SolutionProperties) = preSolution
		HideSolutionNode = FALSE
	EndGlobalSection
EndGlobal
