
Microsoft Visual Studio Solution File, Format Version 12.00
# Visual Studio 14
VisualStudioVersion = 14.0.25420.1
MinimumVisualStudioVersion = 10.0.40219.1
Project("{FAE04EC0-301F-11D3-BF4B-00C04F79EFBC}") = "Softuni Coffee Orders", "Softuni Coffee Orders\Softuni Coffee Orders.csproj", "{F7984D44-F149-4211-9F73-90F404F4123D}"
EndProject
Project("{FAE04EC0-301F-11D3-BF4B-00C04F79EFBC}") = "Command Interpreter", "Command Interpreter\Command Interpreter.csproj", "{00371ECC-1946-4A16-B79F-D5F1106F64BA}"
EndProject
Project("{FAE04EC0-301F-11D3-BF4B-00C04F79EFBC}") = "Rage Quit", "Rage Quit\Rage Quit.csproj", "{D68C4D5B-DB05-4E7C-9E52-278455F59869}"
EndProject
Project("{FAE04EC0-301F-11D3-BF4B-00C04F79EFBC}") = "Files", "Files\Files.csproj", "{5815685A-70D7-4DD0-A556-3EA3D8DBFF14}"
EndProject
Global
	GlobalSection(SolutionConfigurationPlatforms) = preSolution
		Debug|Any CPU = Debug|Any CPU
		Release|Any CPU = Release|Any CPU
	EndGlobalSection
	GlobalSection(ProjectConfigurationPlatforms) = postSolution
		{F7984D44-F149-4211-9F73-90F404F4123D}.Debug|Any CPU.ActiveCfg = Debug|Any CPU
		{F7984D44-F149-4211-9F73-90F404F4123D}.Debug|Any CPU.Build.0 = Debug|Any CPU
		{F7984D44-F149-4211-9F73-90F404F4123D}.Release|Any CPU.ActiveCfg = Release|Any CPU
		{F7984D44-F149-4211-9F73-90F404F4123D}.Release|Any CPU.Build.0 = Release|Any CPU
		{00371ECC-1946-4A16-B79F-D5F1106F64BA}.Debug|Any CPU.ActiveCfg = Debug|Any CPU
		{00371ECC-1946-4A16-B79F-D5F1106F64BA}.Debug|Any CPU.Build.0 = Debug|Any CPU
		{00371ECC-1946-4A16-B79F-D5F1106F64BA}.Release|Any CPU.ActiveCfg = Release|Any CPU
		{00371ECC-1946-4A16-B79F-D5F1106F64BA}.Release|Any CPU.Build.0 = Release|Any CPU
		{D68C4D5B-DB05-4E7C-9E52-278455F59869}.Debug|Any CPU.ActiveCfg = Debug|Any CPU
		{D68C4D5B-DB05-4E7C-9E52-278455F59869}.Debug|Any CPU.Build.0 = Debug|Any CPU
		{D68C4D5B-DB05-4E7C-9E52-278455F59869}.Release|Any CPU.ActiveCfg = Release|Any CPU
		{D68C4D5B-DB05-4E7C-9E52-278455F59869}.Release|Any CPU.Build.0 = Release|Any CPU
		{5815685A-70D7-4DD0-A556-3EA3D8DBFF14}.Debug|Any CPU.ActiveCfg = Debug|Any CPU
		{5815685A-70D7-4DD0-A556-3EA3D8DBFF14}.Debug|Any CPU.Build.0 = Debug|Any CPU
		{5815685A-70D7-4DD0-A556-3EA3D8DBFF14}.Release|Any CPU.ActiveCfg = Release|Any CPU
		{5815685A-70D7-4DD0-A556-3EA3D8DBFF14}.Release|Any CPU.Build.0 = Release|Any CPU
	EndGlobalSection
	GlobalSection(SolutionProperties) = preSolution
		HideSolutionNode = FALSE
	EndGlobalSection
EndGlobal
